
Microsoft Visual Studio Solution File, Format Version 12.00
# Visual Studio Version 16
VisualStudioVersion = 25.0.1705.3
MinimumVisualStudioVersion = 10.0.40219.1
Project("{FAE04EC0-301F-11D3-BF4B-00C04F79EFBC}") = "MovieRank", "MovieRank\MovieRank.csproj", "{324519A9-0652-42ED-9918-DDA899A78A32}"
EndProject
Project("{FAE04EC0-301F-11D3-BF4B-00C04F79EFBC}") = "MovieRank.Libs", "MovieRank.Libs\MovieRank.Libs.csproj", "{576924AF-C233-412C-B494-AEA9FC3C60AF}"
EndProject
Project("{FAE04EC0-301F-11D3-BF4B-00C04F79EFBC}") = "MovieRank.Contracts", "MovieRank.Contracts\MovieRank.Contracts.csproj", "{25C66FC2-FF50-4F44-A1D8-CBA8422C196A}"
EndProject
Project("{FAE04EC0-301F-11D3-BF4B-00C04F79EFBC}") = "MovieRank.Integration.Tests", "MovieRank.Integration.Tests\MovieRank.Integration.Tests.csproj", "{2D7311EC-F50A-4435-B687-C219A64AAFC5}"
EndProject
Global
	GlobalSection(SolutionConfigurationPlatforms) = preSolution
		Debug|Any CPU = Debug|Any CPU
		Release|Any CPU = Release|Any CPU
	EndGlobalSection
	GlobalSection(ProjectConfigurationPlatforms) = postSolution
		{324519A9-0652-42ED-9918-DDA899A78A32}.Debug|Any CPU.ActiveCfg = Debug|Any CPU
		{324519A9-0652-42ED-9918-DDA899A78A32}.Debug|Any CPU.Build.0 = Debug|Any CPU
		{324519A9-0652-42ED-9918-DDA899A78A32}.Release|Any CPU.ActiveCfg = Release|Any CPU
		{324519A9-0652-42ED-9918-DDA899A78A32}.Release|Any CPU.Build.0 = Release|Any CPU
		{576924AF-C233-412C-B494-AEA9FC3C60AF}.Debug|Any CPU.ActiveCfg = Debug|Any CPU
		{576924AF-C233-412C-B494-AEA9FC3C60AF}.Debug|Any CPU.Build.0 = Debug|Any CPU
		{576924AF-C233-412C-B494-AEA9FC3C60AF}.Release|Any CPU.ActiveCfg = Release|Any CPU
		{576924AF-C233-412C-B494-AEA9FC3C60AF}.Release|Any CPU.Build.0 = Release|Any CPU
		{25C66FC2-FF50-4F44-A1D8-CBA8422C196A}.Debug|Any CPU.ActiveCfg = Debug|Any CPU
		{25C66FC2-FF50-4F44-A1D8-CBA8422C196A}.Debug|Any CPU.Build.0 = Debug|Any CPU
		{25C66FC2-FF50-4F44-A1D8-CBA8422C196A}.Release|Any CPU.ActiveCfg = Release|Any CPU
		{25C66FC2-FF50-4F44-A1D8-CBA8422C196A}.Release|Any CPU.Build.0 = Release|Any CPU
		{2D7311EC-F50A-4435-B687-C219A64AAFC5}.Debug|Any CPU.ActiveCfg = Debug|Any CPU
		{2D7311EC-F50A-4435-B687-C219A64AAFC5}.Debug|Any CPU.Build.0 = Debug|Any CPU
		{2D7311EC-F50A-4435-B687-C219A64AAFC5}.Release|Any CPU.ActiveCfg = Release|Any CPU
		{2D7311EC-F50A-4435-B687-C219A64AAFC5}.Release|Any CPU.Build.0 = Release|Any CPU
	EndGlobalSection
	GlobalSection(SolutionProperties) = preSolution
		HideSolutionNode = FALSE
	EndGlobalSection
	GlobalSection(ExtensibilityGlobals) = postSolution
		SolutionGuid = {D8FB0913-162D-44C6-976D-73317210214B}
	EndGlobalSection
EndGlobal
